
Microsoft Visual Studio Solution File, Format Version 12.00
# Visual Studio 16
Project("{FAE04EC0-301F-11D3-BF4B-00C04F79EFBC}") = "Assembly-CSharp", "Assembly-CSharp.csproj", "{00593E51-308E-08C1-2C5B-E57B1472473B}"
EndProject
Global
	GlobalSection(SolutionConfigurationPlatforms) = preSolution
		Debug|Any CPU = Debug|Any CPU
		Release|Any CPU = Release|Any CPU
	EndGlobalSection
	GlobalSection(ProjectConfigurationPlatforms) = postSolution
		{00593E51-308E-08C1-2C5B-E57B1472473B}.Debug|Any CPU.ActiveCfg = Debug|Any CPU
		{00593E51-308E-08C1-2C5B-E57B1472473B}.Debug|Any CPU.Build.0 = Debug|Any CPU
		{00593E51-308E-08C1-2C5B-E57B1472473B}.Release|Any CPU.ActiveCfg = Release|Any CPU
		{00593E51-308E-08C1-2C5B-E57B1472473B}.Release|Any CPU.Build.0 = Release|Any CPU
	EndGlobalSection
	GlobalSection(SolutionProperties) = preSolution
		HideSolutionNode = FALSE
	EndGlobalSection
EndGlobal
